// !$*UTF8*$!
{
	archiveVersion = 1;
	classes = {
	};
	objectVersion = 46;
	objects = {

/* Begin PBXBuildFile section */
		41F8F6D81A42B7ED00872F7B /* main.m in Sources */ = {isa = PBXBuildFile; fileRef = 41F8F6D71A42B7ED00872F7B /* main.m */; };
		41F8F6DB1A42B7ED00872F7B /* AppDelegate.m in Sources */ = {isa = PBXBuildFile; fileRef = 41F8F6DA1A42B7ED00872F7B /* AppDelegate.m */; };
		41F8F6DE1A42B7ED00872F7B /* ViewController.m in Sources */ = {isa = PBXBuildFile; fileRef = 41F8F6DD1A42B7ED00872F7B /* ViewController.m */; };
		41F8F6E11A42B7ED00872F7B /* Main.storyboard in Resources */ = {isa = PBXBuildFile; fileRef = 41F8F6DF1A42B7ED00872F7B /* Main.storyboard */; };
		41F8F6E31A42B7ED00872F7B /* Images.xcassets in Resources */ = {isa = PBXBuildFile; fileRef = 41F8F6E21A42B7ED00872F7B /* Images.xcassets */; };
		41F8F6E61A42B7ED00872F7B /* LaunchScreen.xib in Resources */ = {isa = PBXBuildFile; fileRef = 41F8F6E41A42B7ED00872F7B /* LaunchScreen.xib */; };
		41F8F6F21A42B7ED00872F7B /* Out_of_this_WorldTests.m in Sources */ = {isa = PBXBuildFile; fileRef = 41F8F6F11A42B7ED00872F7B /* Out_of_this_WorldTests.m */; };
/* End PBXBuildFile section */

/* Begin PBXContainerItemProxy section */
		41F8F6EC1A42B7ED00872F7B /* PBXContainerItemProxy */ = {
			isa = PBXContainerItemProxy;
			containerPortal = 41F8F6CA1A42B7EC00872F7B /* Project object */;
			proxyType = 1;
			remoteGlobalIDString = 41F8F6D11A42B7EC00872F7B;
			remoteInfo = "Out of this World";
		};
/* End PBXContainerItemProxy section */

/* Begin PBXFileReference section */
		41F8F6D21A42B7ED00872F7B /* Out of this World.app */ = {isa = PBXFileReference; explicitFileType = wrapper.application; includeInIndex = 0; path = "Out of this World.app"; sourceTree = BUILT_PRODUCTS_DIR; };
		41F8F6D61A42B7ED00872F7B /* Info.plist */ = {isa = PBXFileReference; lastKnownFileType = text.plist.xml; path = Info.plist; sourceTree = "<group>"; };
		41F8F6D71A42B7ED00872F7B /* main.m */ = {isa = PBXFileReference; lastKnownFileType = sourcecode.c.objc; path = main.m; sourceTree = "<group>"; };
		41F8F6D91A42B7ED00872F7B /* AppDelegate.h */ = {isa = PBXFileReference; lastKnownFileType = sourcecode.c.h; path = AppDelegate.h; sourceTree = "<group>"; };
		41F8F6DA1A42B7ED00872F7B /* AppDelegate.m */ = {isa = PBXFileReference; lastKnownFileType = sourcecode.c.objc; path = AppDelegate.m; sourceTree = "<group>"; };
		41F8F6DC1A42B7ED00872F7B /* ViewController.h */ = {isa = PBXFileReference; lastKnownFileType = sourcecode.c.h; path = ViewController.h; sourceTree = "<group>"; };
		41F8F6DD1A42B7ED00872F7B /* ViewController.m */ = {isa = PBXFileReference; lastKnownFileType = sourcecode.c.objc; path = ViewController.m; sourceTree = "<group>"; };
		41F8F6E01A42B7ED00872F7B /* Base */ = {isa = PBXFileReference; lastKnownFileType = file.storyboard; name = Base; path = Base.lproj/Main.storyboard; sourceTree = "<group>"; };
		41F8F6E21A42B7ED00872F7B /* Images.xcassets */ = {isa = PBXFileReference; lastKnownFileType = folder.assetcatalog; path = Images.xcassets; sourceTree = "<group>"; };
		41F8F6E51A42B7ED00872F7B /* Base */ = {isa = PBXFileReference; lastKnownFileType = file.xib; name = Base; path = Base.lproj/LaunchScreen.xib; sourceTree = "<group>"; };
		41F8F6EB1A42B7ED00872F7B /* Out of this WorldTests.xctest */ = {isa = PBXFileReference; explicitFileType = wrapper.cfbundle; includeInIndex = 0; path = "Out of this WorldTests.xctest"; sourceTree = BUILT_PRODUCTS_DIR; };
		41F8F6F01A42B7ED00872F7B /* Info.plist */ = {isa = PBXFileReference; lastKnownFileType = text.plist.xml; path = Info.plist; sourceTree = "<group>"; };
		41F8F6F11A42B7ED00872F7B /* Out_of_this_WorldTests.m */ = {isa = PBXFileReference; lastKnownFileType = sourcecode.c.objc; path = Out_of_this_WorldTests.m; sourceTree = "<group>"; };
/* End PBXFileReference section */

/* Begin PBXFrameworksBuildPhase section */
		41F8F6CF1A42B7EC00872F7B /* Frameworks */ = {
			isa = PBXFrameworksBuildPhase;
			buildActionMask = 2147483647;
			files = (
			);
			runOnlyForDeploymentPostprocessing = 0;
		};
		41F8F6E81A42B7ED00872F7B /* Frameworks */ = {
			isa = PBXFrameworksBuildPhase;
			buildActionMask = 2147483647;
			files = (
			);
			runOnlyForDeploymentPostprocessing = 0;
		};
/* End PBXFrameworksBuildPhase section */

/* Begin PBXGroup section */
		41F8F6C91A42B7EC00872F7B = {
			isa = PBXGroup;
			children = (
				41F8F6D41A42B7ED00872F7B /* Out of this World */,
				41F8F6EE1A42B7ED00872F7B /* Out of this WorldTests */,
				41F8F6D31A42B7ED00872F7B /* Products */,
			);
			sourceTree = "<group>";
		};
		41F8F6D31A42B7ED00872F7B /* Products */ = {
			isa = PBXGroup;
			children = (
				41F8F6D21A42B7ED00872F7B /* Out of this World.app */,
				41F8F6EB1A42B7ED00872F7B /* Out of this WorldTests.xctest */,
			);
			name = Products;
			sourceTree = "<group>";
		};
		41F8F6D41A42B7ED00872F7B /* Out of this World */ = {
			isa = PBXGroup;
			children = (
				41F8F6D91A42B7ED00872F7B /* AppDelegate.h */,
				41F8F6DA1A42B7ED00872F7B /* AppDelegate.m */,
				41F8F6DC1A42B7ED00872F7B /* ViewController.h */,
				41F8F6DD1A42B7ED00872F7B /* ViewController.m */,
				41F8F6DF1A42B7ED00872F7B /* Main.storyboard */,
				41F8F6E21A42B7ED00872F7B /* Images.xcassets */,
				41F8F6E41A42B7ED00872F7B /* LaunchScreen.xib */,
				41F8F6D51A42B7ED00872F7B /* Supporting Files */,
			);
			path = "Out of this World";
			sourceTree = "<group>";
		};
		41F8F6D51A42B7ED00872F7B /* Supporting Files */ = {
			isa = PBXGroup;
			children = (
				41F8F6D61A42B7ED00872F7B /* Info.plist */,
				41F8F6D71A42B7ED00872F7B /* main.m */,
			);
			name = "Supporting Files";
			sourceTree = "<group>";
		};
		41F8F6EE1A42B7ED00872F7B /* Out of this WorldTests */ = {
			isa = PBXGroup;
			children = (
				41F8F6F11A42B7ED00872F7B /* Out_of_this_WorldTests.m */,
				41F8F6EF1A42B7ED00872F7B /* Supporting Files */,
			);
			path = "Out of this WorldTests";
			sourceTree = "<group>";
		};
		41F8F6EF1A42B7ED00872F7B /* Supporting Files */ = {
			isa = PBXGroup;
			children = (
				41F8F6F01A42B7ED00872F7B /* Info.plist */,
			);
			name = "Supporting Files";
			sourceTree = "<group>";
		};
/* End PBXGroup section */

/* Begin PBXNativeTarget section */
		41F8F6D11A42B7EC00872F7B /* Out of this World */ = {
			isa = PBXNativeTarget;
			buildConfigurationList = 41F8F6F51A42B7ED00872F7B /* Build configuration list for PBXNativeTarget "Out of this World" */;
			buildPhases = (
				41F8F6CE1A42B7EC00872F7B /* Sources */,
				41F8F6CF1A42B7EC00872F7B /* Frameworks */,
				41F8F6D01A42B7EC00872F7B /* Resources */,
			);
			buildRules = (
			);
			dependencies = (
			);
			name = "Out of this World";
			productName = "Out of this World";
			productReference = 41F8F6D21A42B7ED00872F7B /* Out of this World.app */;
			productType = "com.apple.product-type.application";
		};
		41F8F6EA1A42B7ED00872F7B /* Out of this WorldTests */ = {
			isa = PBXNativeTarget;
			buildConfigurationList = 41F8F6F81A42B7ED00872F7B /* Build configuration list for PBXNativeTarget "Out of this WorldTests" */;
			buildPhases = (
				41F8F6E71A42B7ED00872F7B /* Sources */,
				41F8F6E81A42B7ED00872F7B /* Frameworks */,
				41F8F6E91A42B7ED00872F7B /* Resources */,
			);
			buildRules = (
			);
			dependencies = (
				41F8F6ED1A42B7ED00872F7B /* PBXTargetDependency */,
			);
			name = "Out of this WorldTests";
			productName = "Out of this WorldTests";
			productReference = 41F8F6EB1A42B7ED00872F7B /* Out of this WorldTests.xctest */;
			productType = "com.apple.product-type.bundle.unit-test";
		};
/* End PBXNativeTarget section */

/* Begin PBXProject section */
		41F8F6CA1A42B7EC00872F7B /* Project object */ = {
			isa = PBXProject;
			attributes = {
				LastUpgradeCheck = 0610;
				ORGANIZATIONNAME = "Justin Russell";
				TargetAttributes = {
					41F8F6D11A42B7EC00872F7B = {
						CreatedOnToolsVersion = 6.1.1;
					};
					41F8F6EA1A42B7ED00872F7B = {
						CreatedOnToolsVersion = 6.1.1;
						TestTargetID = 41F8F6D11A42B7EC00872F7B;
					};
				};
			};
			buildConfigurationList = 41F8F6CD1A42B7EC00872F7B /* Build configuration list for PBXProject "Out of this World" */;
			compatibilityVersion = "Xcode 3.2";
			developmentRegion = English;
			hasScannedForEncodings = 0;
			knownRegions = (
				en,
				Base,
			);
			mainGroup = 41F8F6C91A42B7EC00872F7B;
			productRefGroup = 41F8F6D31A42B7ED00872F7B /* Products */;
			projectDirPath = "";
			projectRoot = "";
			targets = (
				41F8F6D11A42B7EC00872F7B /* Out of this World */,
				41F8F6EA1A42B7ED00872F7B /* Out of this WorldTests */,
			);
		};
/* End PBXProject section */

/* Begin PBXResourcesBuildPhase section */
		41F8F6D01A42B7EC00872F7B /* Resources */ = {
			isa = PBXResourcesBuildPhase;
			buildActionMask = 2147483647;
			files = (
				41F8F6E11A42B7ED00872F7B /* Main.storyboard in Resources */,
				41F8F6E61A42B7ED00872F7B /* LaunchScreen.xib in Resources */,
				41F8F6E31A42B7ED00872F7B /* Images.xcassets in Resources */,
			);
			runOnlyForDeploymentPostprocessing = 0;
		};
		41F8F6E91A42B7ED00872F7B /* Resources */ = {
			isa = PBXResourcesBuildPhase;
			buildActionMask = 2147483647;
			files = (
			);
			runOnlyForDeploymentPostprocessing = 0;
		};
/* End PBXResourcesBuildPhase section */

/* Begin PBXSourcesBuildPhase section */
		41F8F6CE1A42B7EC00872F7B /* Sources */ = {
			isa = PBXSourcesBuildPhase;
			buildActionMask = 2147483647;
			files = (
				41F8F6DE1A42B7ED00872F7B /* ViewController.m in Sources */,
				41F8F6DB1A42B7ED00872F7B /* AppDelegate.m in Sources */,
				41F8F6D81A42B7ED00872F7B /* main.m in Sources */,
			);
			runOnlyForDeploymentPostprocessing = 0;
		};
		41F8F6E71A42B7ED00872F7B /* Sources */ = {
			isa = PBXSourcesBuildPhase;
			buildActionMask = 2147483647;
			files = (
				41F8F6F21A42B7ED00872F7B /* Out_of_this_WorldTests.m in Sources */,
			);
			runOnlyForDeploymentPostprocessing = 0;
		};
/* End PBXSourcesBuildPhase section */

/* Begin PBXTargetDependency section */
		41F8F6ED1A42B7ED00872F7B /* PBXTargetDependency */ = {
			isa = PBXTargetDependency;
			target = 41F8F6D11A42B7EC00872F7B /* Out of this World */;
			targetProxy = 41F8F6EC1A42B7ED00872F7B /* PBXContainerItemProxy */;
		};
/* End PBXTargetDependency section */

/* Begin PBXVariantGroup section */
		41F8F6DF1A42B7ED00872F7B /* Main.storyboard */ = {
			isa = PBXVariantGroup;
			children = (
				41F8F6E01A42B7ED00872F7B /* Base */,
			);
			name = Main.storyboard;
			sourceTree = "<group>";
		};
		41F8F6E41A42B7ED00872F7B /* LaunchScreen.xib */ = {
			isa = PBXVariantGroup;
			children = (
				41F8F6E51A42B7ED00872F7B /* Base */,
			);
			name = LaunchScreen.xib;
			sourceTree = "<group>";
		};
/* End PBXVariantGroup section */

/* Begin XCBuildConfiguration section */
		41F8F6F31A42B7ED00872F7B /* Debug */ = {
			isa = XCBuildConfiguration;
			buildSettings = {
				ALWAYS_SEARCH_USER_PATHS = NO;
				CLANG_CXX_LANGUAGE_STANDARD = "gnu++0x";
				CLANG_CXX_LIBRARY = "libc++";
				CLANG_ENABLE_MODULES = YES;
				CLANG_ENABLE_OBJC_ARC = YES;
				CLANG_WARN_BOOL_CONVERSION = YES;
				CLANG_WARN_CONSTANT_CONVERSION = YES;
				CLANG_WARN_DIRECT_OBJC_ISA_USAGE = YES_ERROR;
				CLANG_WARN_EMPTY_BODY = YES;
				CLANG_WARN_ENUM_CONVERSION = YES;
				CLANG_WARN_INT_CONVERSION = YES;
				CLANG_WARN_OBJC_ROOT_CLASS = YES_ERROR;
				CLANG_WARN_UNREACHABLE_CODE = YES;
				CLANG_WARN__DUPLICATE_METHOD_MATCH = YES;
				"CODE_SIGN_IDENTITY[sdk=iphoneos*]" = "iPhone Developer";
				COPY_PHASE_STRIP = NO;
				ENABLE_STRICT_OBJC_MSGSEND = YES;
				GCC_C_LANGUAGE_STANDARD = gnu99;
				GCC_DYNAMIC_NO_PIC = NO;
				GCC_OPTIMIZATION_LEVEL = 0;
				GCC_PREPROCESSOR_DEFINITIONS = (
					"DEBUG=1",
					"$(inherited)",
				);
				GCC_SYMBOLS_PRIVATE_EXTERN = NO;
				GCC_WARN_64_TO_32_BIT_CONVERSION = YES;
				GCC_WARN_ABOUT_RETURN_TYPE = YES_ERROR;
				GCC_WARN_UNDECLARED_SELECTOR = YES;
				GCC_WARN_UNINITIALIZED_AUTOS = YES_AGGRESSIVE;
				GCC_WARN_UNUSED_FUNCTION = YES;
				GCC_WARN_UNUSED_VARIABLE = YES;
				IPHONEOS_DEPLOYMENT_TARGET = 8.1;
				MTL_ENABLE_DEBUG_INFO = YES;
				ONLY_ACTIVE_ARCH = YES;
				SDKROOT = iphoneos;
			};
			name = Debug;
		};
		41F8F6F41A42B7ED00872F7B /* Release */ = {
			isa = XCBuildConfiguration;
			buildSettings = {
				ALWAYS_SEARCH_USER_PATHS = NO;
				CLANG_CXX_LANGUAGE_STANDARD = "gnu++0x";
				CLANG_CXX_LIBRARY = "libc++";
				CLANG_ENABLE_MODULES = YES;
				CLANG_ENABLE_OBJC_ARC = YES;
				CLANG_WARN_BOOL_CONVERSION = YES;
				CLANG_WARN_CONSTANT_CONVERSION = YES;
				CLANG_WARN_DIRECT_OBJC_ISA_USAGE = YES_ERROR;
				CLANG_WARN_EMPTY_BODY = YES;
				CLANG_WARN_ENUM_CONVERSION = YES;
				CLANG_WARN_INT_CONVERSION = YES;
				CLANG_WARN_OBJC_ROOT_CLASS = YES_ERROR;
				CLANG_WARN_UNREACHABLE_CODE = YES;
				CLANG_WARN__DUPLICATE_METHOD_MATCH = YES;
				"CODE_SIGN_IDENTITY[sdk=iphoneos*]" = "iPhone Developer";
				COPY_PHASE_STRIP = YES;
				ENABLE_NS_ASSERTIONS = NO;
				ENABLE_STRICT_OBJC_MSGSEND = YES;
				GCC_C_LANGUAGE_STANDARD = gnu99;
				GCC_WARN_64_TO_32_BIT_CONVERSION = YES;
				GCC_WARN_ABOUT_RETURN_TYPE = YES_ERROR;
				GCC_WARN_UNDECLARED_SELECTOR = YES;
				GCC_WARN_UNINITIALIZED_AUTOS = YES_AGGRESSIVE;
				GCC_WARN_UNUSED_FUNCTION = YES;
				GCC_WARN_UNUSED_VARIABLE = YES;
				IPHONEOS_DEPLOYMENT_TARGET = 8.1;
				MTL_ENABLE_DEBUG_INFO = NO;
				SDKROOT = iphoneos;
				VALIDATE_PRODUCT = YES;
			};
			name = Release;
		};
		41F8F6F61A42B7ED00872F7B /* Debug */ = {
			isa = XCBuildConfiguration;
			buildSettings = {
				ASSETCATALOG_COMPILER_APPICON_NAME = AppIcon;
				INFOPLIST_FILE = "Out of this World/Info.plist";
				LD_RUNPATH_SEARCH_PATHS = "$(inherited) @executable_path/Frameworks";
				PRODUCT_NAME = "$(TARGET_NAME)";
			};
			name = Debug;
		};
		41F8F6F71A42B7ED00872F7B /* Release */ = {
			isa = XCBuildConfiguration;
			buildSettings = {
				ASSETCATALOG_COMPILER_APPICON_NAME = AppIcon;
				INFOPLIST_FILE = "Out of this World/Info.plist";
				LD_RUNPATH_SEARCH_PATHS = "$(inherited) @executable_path/Frameworks";
				PRODUCT_NAME = "$(TARGET_NAME)";
			};
			name = Release;
		};
		41F8F6F91A42B7ED00872F7B /* Debug */ = {
			isa = XCBuildConfiguration;
			buildSettings = {
				BUNDLE_LOADER = "$(TEST_HOST)";
				FRAMEWORK_SEARCH_PATHS = (
					"$(SDKROOT)/Developer/Library/Frameworks",
					"$(inherited)",
				);
				GCC_PREPROCESSOR_DEFINITIONS = (
					"DEBUG=1",
					"$(inherited)",
				);
				INFOPLIST_FILE = "Out of this WorldTests/Info.plist";
				LD_RUNPATH_SEARCH_PATHS = "$(inherited) @executable_path/Frameworks @loader_path/Frameworks";
				PRODUCT_NAME = "$(TARGET_NAME)";
				TEST_HOST = "$(BUILT_PRODUCTS_DIR)/Out of this World.app/Out of this World";
			};
			name = Debug;
		};
		41F8F6FA1A42B7ED00872F7B /* Release */ = {
			isa = XCBuildConfiguration;
			buildSettings = {
				BUNDLE_LOADER = "$(TEST_HOST)";
				FRAMEWORK_SEARCH_PATHS = (
					"$(SDKROOT)/Developer/Library/Frameworks",
					"$(inherited)",
				);
				INFOPLIST_FILE = "Out of this WorldTests/Info.plist";
				LD_RUNPATH_SEARCH_PATHS = "$(inherited) @executable_path/Frameworks @loader_path/Frameworks";
				PRODUCT_NAME = "$(TARGET_NAME)";
				TEST_HOST = "$(BUILT_PRODUCTS_DIR)/Out of this World.app/Out of this World";
			};
			name = Release;
		};
/* End XCBuildConfiguration section */

/* Begin XCConfigurationList section */
		41F8F6CD1A42B7EC00872F7B /* Build configuration list for PBXProject "Out of this World" */ = {
			isa = XCConfigurationList;
			buildConfigurations = (
				41F8F6F31A42B7ED00872F7B /* Debug */,
				41F8F6F41A42B7ED00872F7B /* Release */,
			);
			defaultConfigurationIsVisible = 0;
			defaultConfigurationName = Release;
		};
		41F8F6F51A42B7ED00872F7B /* Build configuration list for PBXNativeTarget "Out of this World" */ = {
			isa = XCConfigurationList;
			buildConfigurations = (
				41F8F6F61A42B7ED00872F7B /* Debug */,
				41F8F6F71A42B7ED00872F7B /* Release */,
			);
			defaultConfigurationIsVisible = 0;
		};
		41F8F6F81A42B7ED00872F7B /* Build configuration list for PBXNativeTarget "Out of this WorldTests" */ = {
			isa = XCConfigurationList;
			buildConfigurations = (
				41F8F6F91A42B7ED00872F7B /* Debug */,
				41F8F6FA1A42B7ED00872F7B /* Release */,
			);
			defaultConfigurationIsVisible = 0;
		};
/* End XCConfigurationList section */
	};
	rootObject = 41F8F6CA1A42B7EC00872F7B /* Project object */;
}
